<?xml version="1.0" encoding="utf-8"?>
<Project ToolsVersion="4.0" xmlns="http://schemas.microsoft.com/developer/msbuild/2003">
  <ItemGroup>
    <Filter Include="Source Files">
      <UniqueIdentifier>{4FC737F1-C7A5-4376-A066-2A32D752A2FF}</UniqueIdentifier>
      <Extensions>cpp;c;cc;cxx;def;odl;idl;hpj;bat;asm;asmx</Extensions>
    </Filter>
    <Filter Include="Header Files">
      <UniqueIdentifier>{93995380-89BD-4b04-88EB-625FBE52EBFB}</UniqueIdentifier>
      <Extensions>h;hh;hpp;hxx;hm;inl;inc;xsd</Extensions>
    </Filter>
    <Filter Include="Resource Files">
      <UniqueIdentifier>{67DA6AB6-F800-4c08-8B7A-83BB121AAD01}</UniqueIdentifier>
      <Extensions>rc;ico;cur;bmp;dlg;rc2;rct;bin;rgs;gif;jpg;jpeg;jpe;resx;tiff;tif;png;wav;mfcribbon-ms</Extensions>
    </Filter>
    <Filter Include="Calibration">
      <UniqueIdentifier>{3ccc6765-43fa-4b0e-8c9b-f923ef70acd9}</UniqueIdentifier>
    </Filter>
    <Filter Include="Rendering">
      <UniqueIdentifier>{a876ae09-117b-43ed-b4c3-14c6083d4cde}</UniqueIdentifier>
    </Filter>
    <Filter Include="3rdParty">
      <UniqueIdentifier>{1b4a182a-b995-4f2d-8a0f-1fe649df7dfa}</UniqueIdentifier>
    </Filter>
  </ItemGroup>
  <ItemGroup>
    <ClCompile Include="Main.cpp">
      <Filter>Source Files</Filter>
    </ClCompile>
    <ClCompile Include="3rdParty\lodepng.cpp">
      <Filter>3rdParty</Filter>
    </ClCompile>
  </ItemGroup>
  <ItemGroup>
    <ClInclude Include="config.h">
      <Filter>Header Files</Filter>
    </ClInclude>
    <ClInclude Include="RenderUtils.h">
      <Filter>Header Files</Filter>
    </ClInclude>
    <ClInclude Include="TestScene.h">
      <Filter>Header Files</Filter>
    </ClInclude>
    <ClInclude Include="GLobject.h">
      <Filter>Header Files</Filter>
    </ClInclude>
    <ClInclude Include="VRrender.h">
      <Filter>Rendering</Filter>
    </ClInclude>
    <ClInclude Include="HMD.h">
      <Filter>Header Files</Filter>
    </ClInclude>
    <ClInclude Include="ViveCalbiration.h">
      <Filter>Calibration</Filter>
    </ClInclude>
    <ClInclude Include="3rdParty\lodepng.h">
      <Filter>3rdParty</Filter>
    </ClInclude>
  </ItemGroup>
  <ItemGroup>
    <None Include="todo.txt">
      <Filter>Resource Files</Filter>
    </None>
  </ItemGroup>
</Project>